<Solution>
    <Configurations>
    <Platform Name="Any CPU" />
    <Platform Name="x64" />
    <Platform Name="x86" />
  </Configurations>
  <Folder Name="/Solution Items/">
    <File Path=".dockerignore" />
    <File Path=".editorconfig" />
    <File Path=".gitattributes" />
    <File Path=".gitignore" />
    <File Path="Directory.Build.props" />
    <File Path="Directory.Packages.props" />
    <File Path="docker-compose.yml" />
    <File Path="src/Loqora.API/Dockerfile" />
    <File Path="README.md" />
  </Folder>
   <Folder Name="/src/">
  <Project Path="src/Loqora.API/Loqora.API.csproj" />
  <Project Path="src/Loqora.Application/Loqora.Application.csproj" Id="0a42c367-4d71-46b5-ab7f-e5a6835d6204" />
  <Project Path="src/Loqora.Contracts/Loqora.Contracts.csproj" />
  <Project Path="src/Loqora.Domain/Loqora.Domain.csproj" Id="2fa94af8-20b7-4239-8c88-19639f118d76" />
  <Project Path="src/Loqora.Infrastructure/Loqora.Infrastructure.csproj" />
  </Folder> 
  <Folder Name="/tests/">
  </Folder>
</Solution>
